
Microsoft Visual Studio Solution File, Format Version 12.00
# Visual Studio Express 14 for Web
VisualStudioVersion = 14.0.25420.1
MinimumVisualStudioVersion = 10.0.40219.1
Project("{2150E333-8FDC-42A3-9474-1A3956D46DE8}") = "src", "src", "{6636977C-23DC-42EC-9C9E-CA6E5016B521}"
EndProject
Project("{2150E333-8FDC-42A3-9474-1A3956D46DE8}") = "Solution Items", "Solution Items", "{5A72168E-62C7-4F3C-9EF1-BBF1EE2B4E4B}"
	ProjectSection(SolutionItems) = preProject
		global.json = global.json
	EndProjectSection
EndProject
Project("{8BB2217D-0F2D-49D1-97BC-3654ED321F3B}") = "ProteinTrackerWebAPI", "src\ProteinTrackerWebAPI\ProteinTrackerWebAPI.xproj", "{AB1FCCCA-70DB-42D5-9A94-8473A02B15FF}"
EndProject
Global
	GlobalSection(SolutionConfigurationPlatforms) = preSolution
		Debug|Any CPU = Debug|Any CPU
		Release|Any CPU = Release|Any CPU
	EndGlobalSection
	GlobalSection(ProjectConfigurationPlatforms) = postSolution
		{AB1FCCCA-70DB-42D5-9A94-8473A02B15FF}.Debug|Any CPU.ActiveCfg = Debug|Any CPU
		{AB1FCCCA-70DB-42D5-9A94-8473A02B15FF}.Debug|Any CPU.Build.0 = Debug|Any CPU
		{AB1FCCCA-70DB-42D5-9A94-8473A02B15FF}.Release|Any CPU.ActiveCfg = Release|Any CPU
		{AB1FCCCA-70DB-42D5-9A94-8473A02B15FF}.Release|Any CPU.Build.0 = Release|Any CPU
	EndGlobalSection
	GlobalSection(SolutionProperties) = preSolution
		HideSolutionNode = FALSE
	EndGlobalSection
	GlobalSection(NestedProjects) = preSolution
		{AB1FCCCA-70DB-42D5-9A94-8473A02B15FF} = {6636977C-23DC-42EC-9C9E-CA6E5016B521}
	EndGlobalSection
EndGlobal
